PODS:
  - AppCenter/Analytics (4.2.0):
    - AppCenter/Core
  - AppCenter/Core (4.2.0)
  - AppCenter/Crashes (4.2.0):
    - AppCenter/Core

DEPENDENCIES:
  - AppCenter/Analytics
  - AppCenter/Crashes

SPEC REPOS:
  trunk:
    - AppCenter

SPEC CHECKSUMS:
  AppCenter: 87ef6eefd8ade4df59e88951288587429f3dd2a5

PODFILE CHECKSUM: 3dd1a9c6c9f84cbebcf8d646b7ffd3b5d6c5fb65

COCOAPODS: 1.10.1
